
Microsoft Visual Studio Solution File, Format Version 12.00
# Visual Studio Version 16
VisualStudioVersion = 16.0.31313.79
MinimumVisualStudioVersion = 10.0.40219.1
Project("{9A19103F-16F7-4668-BE54-9A1E7A4F7556}") = "ActionDemo", "ActionDemo\ActionDemo.csproj", "{F96FCDD1-BB57-4377-AA32-378FF23013D7}"
EndProject
Project("{FAE04EC0-301F-11D3-BF4B-00C04F79EFBC}") = "ActionDemoUnitTest", "ActionDemoUnitTest\ActionDemoUnitTest.csproj", "{1D180DDE-0A12-4B79-B1E3-5B5E51186303}"
EndProject
Global
	GlobalSection(SolutionConfigurationPlatforms) = preSolution
		Debug|Any CPU = Debug|Any CPU
		Release|Any CPU = Release|Any CPU
	EndGlobalSection
	GlobalSection(ProjectConfigurationPlatforms) = postSolution
		{F96FCDD1-BB57-4377-AA32-378FF23013D7}.Debug|Any CPU.ActiveCfg = Debug|Any CPU
		{F96FCDD1-BB57-4377-AA32-378FF23013D7}.Debug|Any CPU.Build.0 = Debug|Any CPU
		{F96FCDD1-BB57-4377-AA32-378FF23013D7}.Release|Any CPU.ActiveCfg = Release|Any CPU
		{F96FCDD1-BB57-4377-AA32-378FF23013D7}.Release|Any CPU.Build.0 = Release|Any CPU
		{1D180DDE-0A12-4B79-B1E3-5B5E51186303}.Debug|Any CPU.ActiveCfg = Debug|Any CPU
		{1D180DDE-0A12-4B79-B1E3-5B5E51186303}.Debug|Any CPU.Build.0 = Debug|Any CPU
		{1D180DDE-0A12-4B79-B1E3-5B5E51186303}.Release|Any CPU.ActiveCfg = Release|Any CPU
		{1D180DDE-0A12-4B79-B1E3-5B5E51186303}.Release|Any CPU.Build.0 = Release|Any CPU
	EndGlobalSection
	GlobalSection(SolutionProperties) = preSolution
		HideSolutionNode = FALSE
	EndGlobalSection
	GlobalSection(ExtensibilityGlobals) = postSolution
		SolutionGuid = {5ECE6700-0424-4EC8-A434-3BBD099F9DB4}
	EndGlobalSection
EndGlobal
